// !$*UTF8*$!
{
	archiveVersion = 1;
	classes = {
	};
	objectVersion = 50;
	objects = {

/* Begin PBXBuildFile section */
		AF7D76A526977D3100242B00 /* AppDelegate.swift in Sources */ = {isa = PBXBuildFile; fileRef = AF7D76A426977D3100242B00 /* AppDelegate.swift */; };
		AF7D76A726977D3100242B00 /* SceneDelegate.swift in Sources */ = {isa = PBXBuildFile; fileRef = AF7D76A626977D3100242B00 /* SceneDelegate.swift */; };
		AF7D76A926977D3100242B00 /* MapViewController.swift in Sources */ = {isa = PBXBuildFile; fileRef = AF7D76A826977D3100242B00 /* MapViewController.swift */; };
		AF7D76AC26977D3100242B00 /* Main.storyboard in Resources */ = {isa = PBXBuildFile; fileRef = AF7D76AA26977D3100242B00 /* Main.storyboard */; };
		AF7D76AF26977D3100242B00 /* hw_map.xcdatamodeld in Sources */ = {isa = PBXBuildFile; fileRef = AF7D76AD26977D3100242B00 /* hw_map.xcdatamodeld */; };
		AF7D76B126977D3100242B00 /* Assets.xcassets in Resources */ = {isa = PBXBuildFile; fileRef = AF7D76B026977D3100242B00 /* Assets.xcassets */; };
		AF7D76B426977D3100242B00 /* LaunchScreen.storyboard in Resources */ = {isa = PBXBuildFile; fileRef = AF7D76B226977D3100242B00 /* LaunchScreen.storyboard */; };
/* End PBXBuildFile section */

/* Begin PBXFileReference section */
		AF7D76A126977D3100242B00 /* hw_map.app */ = {isa = PBXFileReference; explicitFileType = wrapper.application; includeInIndex = 0; path = hw_map.app; sourceTree = BUILT_PRODUCTS_DIR; };
		AF7D76A426977D3100242B00 /* AppDelegate.swift */ = {isa = PBXFileReference; lastKnownFileType = sourcecode.swift; path = AppDelegate.swift; sourceTree = "<group>"; };
		AF7D76A626977D3100242B00 /* SceneDelegate.swift */ = {isa = PBXFileReference; lastKnownFileType = sourcecode.swift; path = SceneDelegate.swift; sourceTree = "<group>"; };
		AF7D76A826977D3100242B00 /* MapViewController.swift */ = {isa = PBXFileReference; lastKnownFileType = sourcecode.swift; path = MapViewController.swift; sourceTree = "<group>"; };
		AF7D76AB26977D3100242B00 /* Base */ = {isa = PBXFileReference; lastKnownFileType = file.storyboard; name = Base; path = Base.lproj/Main.storyboard; sourceTree = "<group>"; };
		AF7D76AE26977D3100242B00 /* hw_map.xcdatamodel */ = {isa = PBXFileReference; lastKnownFileType = wrapper.xcdatamodel; path = hw_map.xcdatamodel; sourceTree = "<group>"; };
		AF7D76B026977D3100242B00 /* Assets.xcassets */ = {isa = PBXFileReference; lastKnownFileType = folder.assetcatalog; path = Assets.xcassets; sourceTree = "<group>"; };
		AF7D76B326977D3100242B00 /* Base */ = {isa = PBXFileReference; lastKnownFileType = file.storyboard; name = Base; path = Base.lproj/LaunchScreen.storyboard; sourceTree = "<group>"; };
		AF7D76B526977D3100242B00 /* Info.plist */ = {isa = PBXFileReference; lastKnownFileType = text.plist.xml; path = Info.plist; sourceTree = "<group>"; };
/* End PBXFileReference section */

/* Begin PBXFrameworksBuildPhase section */
		AF7D769E26977D3100242B00 /* Frameworks */ = {
			isa = PBXFrameworksBuildPhase;
			buildActionMask = 2147483647;
			files = (
			);
			runOnlyForDeploymentPostprocessing = 0;
		};
/* End PBXFrameworksBuildPhase section */

/* Begin PBXGroup section */
		AF7D769826977D3100242B00 = {
			isa = PBXGroup;
			children = (
				AF7D76A326977D3100242B00 /* hw_map */,
				AF7D76A226977D3100242B00 /* Products */,
			);
			sourceTree = "<group>";
		};
		AF7D76A226977D3100242B00 /* Products */ = {
			isa = PBXGroup;
			children = (
				AF7D76A126977D3100242B00 /* hw_map.app */,
			);
			name = Products;
			sourceTree = "<group>";
		};
		AF7D76A326977D3100242B00 /* hw_map */ = {
			isa = PBXGroup;
			children = (
				AF7D76A426977D3100242B00 /* AppDelegate.swift */,
				AF7D76A626977D3100242B00 /* SceneDelegate.swift */,
				AF7D76A826977D3100242B00 /* MapViewController.swift */,
				AF7D76AA26977D3100242B00 /* Main.storyboard */,
				AF7D76B026977D3100242B00 /* Assets.xcassets */,
				AF7D76B226977D3100242B00 /* LaunchScreen.storyboard */,
				AF7D76B526977D3100242B00 /* Info.plist */,
				AF7D76AD26977D3100242B00 /* hw_map.xcdatamodeld */,
			);
			path = hw_map;
			sourceTree = "<group>";
		};
/* End PBXGroup section */

/* Begin PBXNativeTarget section */
		AF7D76A026977D3100242B00 /* hw_map */ = {
			isa = PBXNativeTarget;
			buildConfigurationList = AF7D76B826977D3100242B00 /* Build configuration list for PBXNativeTarget "hw_map" */;
			buildPhases = (
				AF7D769D26977D3100242B00 /* Sources */,
				AF7D769E26977D3100242B00 /* Frameworks */,
				AF7D769F26977D3100242B00 /* Resources */,
			);
			buildRules = (
			);
			dependencies = (
			);
			name = hw_map;
			productName = hw_map;
			productReference = AF7D76A126977D3100242B00 /* hw_map.app */;
			productType = "com.apple.product-type.application";
		};
/* End PBXNativeTarget section */

/* Begin PBXProject section */
		AF7D769926977D3100242B00 /* Project object */ = {
			isa = PBXProject;
			attributes = {
				LastSwiftUpdateCheck = 1250;
				LastUpgradeCheck = 1250;
				TargetAttributes = {
					AF7D76A026977D3100242B00 = {
						CreatedOnToolsVersion = 12.5.1;
					};
				};
			};
			buildConfigurationList = AF7D769C26977D3100242B00 /* Build configuration list for PBXProject "hw_map" */;
			compatibilityVersion = "Xcode 9.3";
			developmentRegion = en;
			hasScannedForEncodings = 0;
			knownRegions = (
				en,
				Base,
			);
			mainGroup = AF7D769826977D3100242B00;
			productRefGroup = AF7D76A226977D3100242B00 /* Products */;
			projectDirPath = "";
			projectRoot = "";
			targets = (
				AF7D76A026977D3100242B00 /* hw_map */,
			);
		};
/* End PBXProject section */

/* Begin PBXResourcesBuildPhase section */
		AF7D769F26977D3100242B00 /* Resources */ = {
			isa = PBXResourcesBuildPhase;
			buildActionMask = 2147483647;
			files = (
				AF7D76B426977D3100242B00 /* LaunchScreen.storyboard in Resources */,
				AF7D76B126977D3100242B00 /* Assets.xcassets in Resources */,
				AF7D76AC26977D3100242B00 /* Main.storyboard in Resources */,
			);
			runOnlyForDeploymentPostprocessing = 0;
		};
/* End PBXResourcesBuildPhase section */

/* Begin PBXSourcesBuildPhase section */
		AF7D769D26977D3100242B00 /* Sources */ = {
			isa = PBXSourcesBuildPhase;
			buildActionMask = 2147483647;
			files = (
				AF7D76A926977D3100242B00 /* MapViewController.swift in Sources */,
				AF7D76A526977D3100242B00 /* AppDelegate.swift in Sources */,
				AF7D76A726977D3100242B00 /* SceneDelegate.swift in Sources */,
				AF7D76AF26977D3100242B00 /* hw_map.xcdatamodeld in Sources */,
			);
			runOnlyForDeploymentPostprocessing = 0;
		};
/* End PBXSourcesBuildPhase section */

/* Begin PBXVariantGroup section */
		AF7D76AA26977D3100242B00 /* Main.storyboard */ = {
			isa = PBXVariantGroup;
			children = (
				AF7D76AB26977D3100242B00 /* Base */,
			);
			name = Main.storyboard;
			sourceTree = "<group>";
		};
		AF7D76B226977D3100242B00 /* LaunchScreen.storyboard */ = {
			isa = PBXVariantGroup;
			children = (
				AF7D76B326977D3100242B00 /* Base */,
			);
			name = LaunchScreen.storyboard;
			sourceTree = "<group>";
		};
/* End PBXVariantGroup section */

/* Begin XCBuildConfiguration section */
		AF7D76B626977D3100242B00 /* Debug */ = {
			isa = XCBuildConfiguration;
			buildSettings = {
				ALWAYS_SEARCH_USER_PATHS = NO;
				CLANG_ANALYZER_NONNULL = YES;
				CLANG_ANALYZER_NUMBER_OBJECT_CONVERSION = YES_AGGRESSIVE;
				CLANG_CXX_LANGUAGE_STANDARD = "gnu++14";
				CLANG_CXX_LIBRARY = "libc++";
				CLANG_ENABLE_MODULES = YES;
				CLANG_ENABLE_OBJC_ARC = YES;
				CLANG_ENABLE_OBJC_WEAK = YES;
				CLANG_WARN_BLOCK_CAPTURE_AUTORELEASING = YES;
				CLANG_WARN_BOOL_CONVERSION = YES;
				CLANG_WARN_COMMA = YES;
				CLANG_WARN_CONSTANT_CONVERSION = YES;
				CLANG_WARN_DEPRECATED_OBJC_IMPLEMENTATIONS = YES;
				CLANG_WARN_DIRECT_OBJC_ISA_USAGE = YES_ERROR;
				CLANG_WARN_DOCUMENTATION_COMMENTS = YES;
				CLANG_WARN_EMPTY_BODY = YES;
				CLANG_WARN_ENUM_CONVERSION = YES;
				CLANG_WARN_INFINITE_RECURSION = YES;
				CLANG_WARN_INT_CONVERSION = YES;
				CLANG_WARN_NON_LITERAL_NULL_CONVERSION = YES;
				CLANG_WARN_OBJC_IMPLICIT_RETAIN_SELF = YES;
				CLANG_WARN_OBJC_LITERAL_CONVERSION = YES;
				CLANG_WARN_OBJC_ROOT_CLASS = YES_ERROR;
				CLANG_WARN_QUOTED_INCLUDE_IN_FRAMEWORK_HEADER = YES;
				CLANG_WARN_RANGE_LOOP_ANALYSIS = YES;
				CLANG_WARN_STRICT_PROTOTYPES = YES;
				CLANG_WARN_SUSPICIOUS_MOVE = YES;
				CLANG_WARN_UNGUARDED_AVAILABILITY = YES_AGGRESSIVE;
				CLANG_WARN_UNREACHABLE_CODE = YES;
				CLANG_WARN__DUPLICATE_METHOD_MATCH = YES;
				COPY_PHASE_STRIP = NO;
				DEBUG_INFORMATION_FORMAT = dwarf;
				ENABLE_STRICT_OBJC_MSGSEND = YES;
				ENABLE_TESTABILITY = YES;
				GCC_C_LANGUAGE_STANDARD = gnu11;
				GCC_DYNAMIC_NO_PIC = NO;
				GCC_NO_COMMON_BLOCKS = YES;
				GCC_OPTIMIZATION_LEVEL = 0;
				GCC_PREPROCESSOR_DEFINITIONS = (
					"DEBUG=1",
					"$(inherited)",
				);
				GCC_WARN_64_TO_32_BIT_CONVERSION = YES;
				GCC_WARN_ABOUT_RETURN_TYPE = YES_ERROR;
				GCC_WARN_UNDECLARED_SELECTOR = YES;
				GCC_WARN_UNINITIALIZED_AUTOS = YES_AGGRESSIVE;
				GCC_WARN_UNUSED_FUNCTION = YES;
				GCC_WARN_UNUSED_VARIABLE = YES;
				IPHONEOS_DEPLOYMENT_TARGET = 14.5;
				MTL_ENABLE_DEBUG_INFO = INCLUDE_SOURCE;
				MTL_FAST_MATH = YES;
				ONLY_ACTIVE_ARCH = YES;
				SDKROOT = iphoneos;
				SWIFT_ACTIVE_COMPILATION_CONDITIONS = DEBUG;
				SWIFT_OPTIMIZATION_LEVEL = "-Onone";
			};
			name = Debug;
		};
		AF7D76B726977D3100242B00 /* Release */ = {
			isa = XCBuildConfiguration;
			buildSettings = {
				ALWAYS_SEARCH_USER_PATHS = NO;
				CLANG_ANALYZER_NONNULL = YES;
				CLANG_ANALYZER_NUMBER_OBJECT_CONVERSION = YES_AGGRESSIVE;
				CLANG_CXX_LANGUAGE_STANDARD = "gnu++14";
				CLANG_CXX_LIBRARY = "libc++";
				CLANG_ENABLE_MODULES = YES;
				CLANG_ENABLE_OBJC_ARC = YES;
				CLANG_ENABLE_OBJC_WEAK = YES;
				CLANG_WARN_BLOCK_CAPTURE_AUTORELEASING = YES;
				CLANG_WARN_BOOL_CONVERSION = YES;
				CLANG_WARN_COMMA = YES;
				CLANG_WARN_CONSTANT_CONVERSION = YES;
				CLANG_WARN_DEPRECATED_OBJC_IMPLEMENTATIONS = YES;
				CLANG_WARN_DIRECT_OBJC_ISA_USAGE = YES_ERROR;
				CLANG_WARN_DOCUMENTATION_COMMENTS = YES;
				CLANG_WARN_EMPTY_BODY = YES;
				CLANG_WARN_ENUM_CONVERSION = YES;
				CLANG_WARN_INFINITE_RECURSION = YES;
				CLANG_WARN_INT_CONVERSION = YES;
				CLANG_WARN_NON_LITERAL_NULL_CONVERSION = YES;
				CLANG_WARN_OBJC_IMPLICIT_RETAIN_SELF = YES;
				CLANG_WARN_OBJC_LITERAL_CONVERSION = YES;
				CLANG_WARN_OBJC_ROOT_CLASS = YES_ERROR;
				CLANG_WARN_QUOTED_INCLUDE_IN_FRAMEWORK_HEADER = YES;
				CLANG_WARN_RANGE_LOOP_ANALYSIS = YES;
				CLANG_WARN_STRICT_PROTOTYPES = YES;
				CLANG_WARN_SUSPICIOUS_MOVE = YES;
				CLANG_WARN_UNGUARDED_AVAILABILITY = YES_AGGRESSIVE;
				CLANG_WARN_UNREACHABLE_CODE = YES;
				CLANG_WARN__DUPLICATE_METHOD_MATCH = YES;
				COPY_PHASE_STRIP = NO;
				DEBUG_INFORMATION_FORMAT = "dwarf-with-dsym";
				ENABLE_NS_ASSERTIONS = NO;
				ENABLE_STRICT_OBJC_MSGSEND = YES;
				GCC_C_LANGUAGE_STANDARD = gnu11;
				GCC_NO_COMMON_BLOCKS = YES;
				GCC_WARN_64_TO_32_BIT_CONVERSION = YES;
				GCC_WARN_ABOUT_RETURN_TYPE = YES_ERROR;
				GCC_WARN_UNDECLARED_SELECTOR = YES;
				GCC_WARN_UNINITIALIZED_AUTOS = YES_AGGRESSIVE;
				GCC_WARN_UNUSED_FUNCTION = YES;
				GCC_WARN_UNUSED_VARIABLE = YES;
				IPHONEOS_DEPLOYMENT_TARGET = 14.5;
				MTL_ENABLE_DEBUG_INFO = NO;
				MTL_FAST_MATH = YES;
				SDKROOT = iphoneos;
				SWIFT_COMPILATION_MODE = wholemodule;
				SWIFT_OPTIMIZATION_LEVEL = "-O";
				VALIDATE_PRODUCT = YES;
			};
			name = Release;
		};
		AF7D76B926977D3100242B00 /* Debug */ = {
			isa = XCBuildConfiguration;
			buildSettings = {
				ASSETCATALOG_COMPILER_APPICON_NAME = AppIcon;
				ASSETCATALOG_COMPILER_GLOBAL_ACCENT_COLOR_NAME = AccentColor;
				CODE_SIGN_STYLE = Automatic;
				DEVELOPMENT_TEAM = J86AC9T6QB;
				INFOPLIST_FILE = hw_map/Info.plist;
				LD_RUNPATH_SEARCH_PATHS = (
					"$(inherited)",
					"@executable_path/Frameworks",
				);
				PRODUCT_BUNDLE_IDENTIFIER = "com.abdullahcoban.hw-map";
				PRODUCT_NAME = "$(TARGET_NAME)";
				SWIFT_VERSION = 5.0;
				TARGETED_DEVICE_FAMILY = "1,2";
			};
			name = Debug;
		};
		AF7D76BA26977D3100242B00 /* Release */ = {
			isa = XCBuildConfiguration;
			buildSettings = {
				ASSETCATALOG_COMPILER_APPICON_NAME = AppIcon;
				ASSETCATALOG_COMPILER_GLOBAL_ACCENT_COLOR_NAME = AccentColor;
				CODE_SIGN_STYLE = Automatic;
				DEVELOPMENT_TEAM = J86AC9T6QB;
				INFOPLIST_FILE = hw_map/Info.plist;
				LD_RUNPATH_SEARCH_PATHS = (
					"$(inherited)",
					"@executable_path/Frameworks",
				);
				PRODUCT_BUNDLE_IDENTIFIER = "com.abdullahcoban.hw-map";
				PRODUCT_NAME = "$(TARGET_NAME)";
				SWIFT_VERSION = 5.0;
				TARGETED_DEVICE_FAMILY = "1,2";
			};
			name = Release;
		};
/* End XCBuildConfiguration section */

/* Begin XCConfigurationList section */
		AF7D769C26977D3100242B00 /* Build configuration list for PBXProject "hw_map" */ = {
			isa = XCConfigurationList;
			buildConfigurations = (
				AF7D76B626977D3100242B00 /* Debug */,
				AF7D76B726977D3100242B00 /* Release */,
			);
			defaultConfigurationIsVisible = 0;
			defaultConfigurationName = Release;
		};
		AF7D76B826977D3100242B00 /* Build configuration list for PBXNativeTarget "hw_map" */ = {
			isa = XCConfigurationList;
			buildConfigurations = (
				AF7D76B926977D3100242B00 /* Debug */,
				AF7D76BA26977D3100242B00 /* Release */,
			);
			defaultConfigurationIsVisible = 0;
			defaultConfigurationName = Release;
		};
/* End XCConfigurationList section */

/* Begin XCVersionGroup section */
		AF7D76AD26977D3100242B00 /* hw_map.xcdatamodeld */ = {
			isa = XCVersionGroup;
			children = (
				AF7D76AE26977D3100242B00 /* hw_map.xcdatamodel */,
			);
			currentVersion = AF7D76AE26977D3100242B00 /* hw_map.xcdatamodel */;
			path = hw_map.xcdatamodeld;
			sourceTree = "<group>";
			versionGroupType = wrapper.xcdatamodel;
		};
/* End XCVersionGroup section */
	};
	rootObject = AF7D769926977D3100242B00 /* Project object */;
}
